// !$*UTF8*$!
{
	archiveVersion = 1;
	classes = {
	};
	objectVersion = 46;
	objects = {

/* Begin PBXBuildFile section */
		1A17050618D8A8590032DE0F /* Foundation.framework in Frameworks */ = {isa = PBXBuildFile; fileRef = 1A17050518D8A8590032DE0F /* Foundation.framework */; };
		1A17050818D8A8590032DE0F /* CoreGraphics.framework in Frameworks */ = {isa = PBXBuildFile; fileRef = 1A17050718D8A8590032DE0F /* CoreGraphics.framework */; };
		1A17050A18D8A8590032DE0F /* UIKit.framework in Frameworks */ = {isa = PBXBuildFile; fileRef = 1A17050918D8A8590032DE0F /* UIKit.framework */; };
		1A17050C18D8A8590032DE0F /* SpriteKit.framework in Frameworks */ = {isa = PBXBuildFile; fileRef = 1A17050B18D8A8590032DE0F /* SpriteKit.framework */; };
		1A17051218D8A8590032DE0F /* InfoPlist.strings in Resources */ = {isa = PBXBuildFile; fileRef = 1A17051018D8A8590032DE0F /* InfoPlist.strings */; };
		1A17051418D8A8590032DE0F /* main.m in Sources */ = {isa = PBXBuildFile; fileRef = 1A17051318D8A8590032DE0F /* main.m */; };
		1A17051818D8A8590032DE0F /* AppDelegate.m in Sources */ = {isa = PBXBuildFile; fileRef = 1A17051718D8A8590032DE0F /* AppDelegate.m */; };
		1A17051B18D8A8590032DE0F /* Main_iPhone.storyboard in Resources */ = {isa = PBXBuildFile; fileRef = 1A17051918D8A8590032DE0F /* Main_iPhone.storyboard */; };
		1A17051E18D8A8590032DE0F /* Main_iPad.storyboard in Resources */ = {isa = PBXBuildFile; fileRef = 1A17051C18D8A8590032DE0F /* Main_iPad.storyboard */; };
		1A17052118D8A8590032DE0F /* ViewController.m in Sources */ = {isa = PBXBuildFile; fileRef = 1A17052018D8A8590032DE0F /* ViewController.m */; };
		1A17052418D8A8590032DE0F /* MyScene.m in Sources */ = {isa = PBXBuildFile; fileRef = 1A17052318D8A8590032DE0F /* MyScene.m */; };
		1A17052618D8A8590032DE0F /* Spaceship.png in Resources */ = {isa = PBXBuildFile; fileRef = 1A17052518D8A8590032DE0F /* Spaceship.png */; };
		1A17052818D8A8590032DE0F /* Images.xcassets in Resources */ = {isa = PBXBuildFile; fileRef = 1A17052718D8A8590032DE0F /* Images.xcassets */; };
		1A17052F18D8A8590032DE0F /* XCTest.framework in Frameworks */ = {isa = PBXBuildFile; fileRef = 1A17052E18D8A8590032DE0F /* XCTest.framework */; };
		1A17053018D8A8590032DE0F /* Foundation.framework in Frameworks */ = {isa = PBXBuildFile; fileRef = 1A17050518D8A8590032DE0F /* Foundation.framework */; };
		1A17053118D8A8590032DE0F /* UIKit.framework in Frameworks */ = {isa = PBXBuildFile; fileRef = 1A17050918D8A8590032DE0F /* UIKit.framework */; };
		1A17053918D8A8590032DE0F /* InfoPlist.strings in Resources */ = {isa = PBXBuildFile; fileRef = 1A17053718D8A8590032DE0F /* InfoPlist.strings */; };
		1A17053B18D8A8590032DE0F /* c1Tests.m in Sources */ = {isa = PBXBuildFile; fileRef = 1A17053A18D8A8590032DE0F /* c1Tests.m */; };
/* End PBXBuildFile section */

/* Begin PBXContainerItemProxy section */
		1A17053218D8A8590032DE0F /* PBXContainerItemProxy */ = {
			isa = PBXContainerItemProxy;
			containerPortal = 1A1704FA18D8A8590032DE0F /* Project object */;
			proxyType = 1;
			remoteGlobalIDString = 1A17050118D8A8590032DE0F;
			remoteInfo = c1;
		};
/* End PBXContainerItemProxy section */

/* Begin PBXFileReference section */
		1A17050218D8A8590032DE0F /* c1.app */ = {isa = PBXFileReference; explicitFileType = wrapper.application; includeInIndex = 0; path = c1.app; sourceTree = BUILT_PRODUCTS_DIR; };
		1A17050518D8A8590032DE0F /* Foundation.framework */ = {isa = PBXFileReference; lastKnownFileType = wrapper.framework; name = Foundation.framework; path = System/Library/Frameworks/Foundation.framework; sourceTree = SDKROOT; };
		1A17050718D8A8590032DE0F /* CoreGraphics.framework */ = {isa = PBXFileReference; lastKnownFileType = wrapper.framework; name = CoreGraphics.framework; path = System/Library/Frameworks/CoreGraphics.framework; sourceTree = SDKROOT; };
		1A17050918D8A8590032DE0F /* UIKit.framework */ = {isa = PBXFileReference; lastKnownFileType = wrapper.framework; name = UIKit.framework; path = System/Library/Frameworks/UIKit.framework; sourceTree = SDKROOT; };
		1A17050B18D8A8590032DE0F /* SpriteKit.framework */ = {isa = PBXFileReference; lastKnownFileType = wrapper.framework; name = SpriteKit.framework; path = System/Library/Frameworks/SpriteKit.framework; sourceTree = SDKROOT; };
		1A17050F18D8A8590032DE0F /* c1-Info.plist */ = {isa = PBXFileReference; lastKnownFileType = text.plist.xml; path = "c1-Info.plist"; sourceTree = "<group>"; };
		1A17051118D8A8590032DE0F /* en */ = {isa = PBXFileReference; lastKnownFileType = text.plist.strings; name = en; path = en.lproj/InfoPlist.strings; sourceTree = "<group>"; };
		1A17051318D8A8590032DE0F /* main.m */ = {isa = PBXFileReference; lastKnownFileType = sourcecode.c.objc; path = main.m; sourceTree = "<group>"; };
		1A17051518D8A8590032DE0F /* c1-Prefix.pch */ = {isa = PBXFileReference; lastKnownFileType = sourcecode.c.h; path = "c1-Prefix.pch"; sourceTree = "<group>"; };
		1A17051618D8A8590032DE0F /* AppDelegate.h */ = {isa = PBXFileReference; lastKnownFileType = sourcecode.c.h; path = AppDelegate.h; sourceTree = "<group>"; };
		1A17051718D8A8590032DE0F /* AppDelegate.m */ = {isa = PBXFileReference; lastKnownFileType = sourcecode.c.objc; path = AppDelegate.m; sourceTree = "<group>"; };
		1A17051A18D8A8590032DE0F /* Base */ = {isa = PBXFileReference; lastKnownFileType = file.storyboard; name = Base; path = Base.lproj/Main_iPhone.storyboard; sourceTree = "<group>"; };
		1A17051D18D8A8590032DE0F /* Base */ = {isa = PBXFileReference; lastKnownFileType = file.storyboard; name = Base; path = Base.lproj/Main_iPad.storyboard; sourceTree = "<group>"; };
		1A17051F18D8A8590032DE0F /* ViewController.h */ = {isa = PBXFileReference; lastKnownFileType = sourcecode.c.h; path = ViewController.h; sourceTree = "<group>"; };
		1A17052018D8A8590032DE0F /* ViewController.m */ = {isa = PBXFileReference; lastKnownFileType = sourcecode.c.objc; path = ViewController.m; sourceTree = "<group>"; };
		1A17052218D8A8590032DE0F /* MyScene.h */ = {isa = PBXFileReference; lastKnownFileType = sourcecode.c.h; path = MyScene.h; sourceTree = "<group>"; };
		1A17052318D8A8590032DE0F /* MyScene.m */ = {isa = PBXFileReference; lastKnownFileType = sourcecode.c.objc; path = MyScene.m; sourceTree = "<group>"; };
		1A17052518D8A8590032DE0F /* Spaceship.png */ = {isa = PBXFileReference; lastKnownFileType = image.png; path = Spaceship.png; sourceTree = "<group>"; };
		1A17052718D8A8590032DE0F /* Images.xcassets */ = {isa = PBXFileReference; lastKnownFileType = folder.assetcatalog; path = Images.xcassets; sourceTree = "<group>"; };
		1A17052D18D8A8590032DE0F /* c1Tests.xctest */ = {isa = PBXFileReference; explicitFileType = wrapper.cfbundle; includeInIndex = 0; path = c1Tests.xctest; sourceTree = BUILT_PRODUCTS_DIR; };
		1A17052E18D8A8590032DE0F /* XCTest.framework */ = {isa = PBXFileReference; lastKnownFileType = wrapper.framework; name = XCTest.framework; path = Library/Frameworks/XCTest.framework; sourceTree = DEVELOPER_DIR; };
		1A17053618D8A8590032DE0F /* c1Tests-Info.plist */ = {isa = PBXFileReference; lastKnownFileType = text.plist.xml; path = "c1Tests-Info.plist"; sourceTree = "<group>"; };
		1A17053818D8A8590032DE0F /* en */ = {isa = PBXFileReference; lastKnownFileType = text.plist.strings; name = en; path = en.lproj/InfoPlist.strings; sourceTree = "<group>"; };
		1A17053A18D8A8590032DE0F /* c1Tests.m */ = {isa = PBXFileReference; lastKnownFileType = sourcecode.c.objc; path = c1Tests.m; sourceTree = "<group>"; };
/* End PBXFileReference section */

/* Begin PBXFrameworksBuildPhase section */
		1A1704FF18D8A8590032DE0F /* Frameworks */ = {
			isa = PBXFrameworksBuildPhase;
			buildActionMask = 2147483647;
			files = (
				1A17050818D8A8590032DE0F /* CoreGraphics.framework in Frameworks */,
				1A17050A18D8A8590032DE0F /* UIKit.framework in Frameworks */,
				1A17050C18D8A8590032DE0F /* SpriteKit.framework in Frameworks */,
				1A17050618D8A8590032DE0F /* Foundation.framework in Frameworks */,
			);
			runOnlyForDeploymentPostprocessing = 0;
		};
		1A17052A18D8A8590032DE0F /* Frameworks */ = {
			isa = PBXFrameworksBuildPhase;
			buildActionMask = 2147483647;
			files = (
				1A17052F18D8A8590032DE0F /* XCTest.framework in Frameworks */,
				1A17053118D8A8590032DE0F /* UIKit.framework in Frameworks */,
				1A17053018D8A8590032DE0F /* Foundation.framework in Frameworks */,
			);
			runOnlyForDeploymentPostprocessing = 0;
		};
/* End PBXFrameworksBuildPhase section */

/* Begin PBXGroup section */
		1A1704F918D8A8590032DE0F = {
			isa = PBXGroup;
			children = (
				1A17050D18D8A8590032DE0F /* c1 */,
				1A17053418D8A8590032DE0F /* c1Tests */,
				1A17050418D8A8590032DE0F /* Frameworks */,
				1A17050318D8A8590032DE0F /* Products */,
			);
			sourceTree = "<group>";
		};
		1A17050318D8A8590032DE0F /* Products */ = {
			isa = PBXGroup;
			children = (
				1A17050218D8A8590032DE0F /* c1.app */,
				1A17052D18D8A8590032DE0F /* c1Tests.xctest */,
			);
			name = Products;
			sourceTree = "<group>";
		};
		1A17050418D8A8590032DE0F /* Frameworks */ = {
			isa = PBXGroup;
			children = (
				1A17050518D8A8590032DE0F /* Foundation.framework */,
				1A17050718D8A8590032DE0F /* CoreGraphics.framework */,
				1A17050918D8A8590032DE0F /* UIKit.framework */,
				1A17050B18D8A8590032DE0F /* SpriteKit.framework */,
				1A17052E18D8A8590032DE0F /* XCTest.framework */,
			);
			name = Frameworks;
			sourceTree = "<group>";
		};
		1A17050D18D8A8590032DE0F /* c1 */ = {
			isa = PBXGroup;
			children = (
				1A17051618D8A8590032DE0F /* AppDelegate.h */,
				1A17051718D8A8590032DE0F /* AppDelegate.m */,
				1A17051918D8A8590032DE0F /* Main_iPhone.storyboard */,
				1A17051C18D8A8590032DE0F /* Main_iPad.storyboard */,
				1A17051F18D8A8590032DE0F /* ViewController.h */,
				1A17052018D8A8590032DE0F /* ViewController.m */,
				1A17052218D8A8590032DE0F /* MyScene.h */,
				1A17052318D8A8590032DE0F /* MyScene.m */,
				1A17052518D8A8590032DE0F /* Spaceship.png */,
				1A17052718D8A8590032DE0F /* Images.xcassets */,
				1A17050E18D8A8590032DE0F /* Supporting Files */,
			);
			path = c1;
			sourceTree = "<group>";
		};
		1A17050E18D8A8590032DE0F /* Supporting Files */ = {
			isa = PBXGroup;
			children = (
				1A17050F18D8A8590032DE0F /* c1-Info.plist */,
				1A17051018D8A8590032DE0F /* InfoPlist.strings */,
				1A17051318D8A8590032DE0F /* main.m */,
				1A17051518D8A8590032DE0F /* c1-Prefix.pch */,
			);
			name = "Supporting Files";
			sourceTree = "<group>";
		};
		1A17053418D8A8590032DE0F /* c1Tests */ = {
			isa = PBXGroup;
			children = (
				1A17053A18D8A8590032DE0F /* c1Tests.m */,
				1A17053518D8A8590032DE0F /* Supporting Files */,
			);
			path = c1Tests;
			sourceTree = "<group>";
		};
		1A17053518D8A8590032DE0F /* Supporting Files */ = {
			isa = PBXGroup;
			children = (
				1A17053618D8A8590032DE0F /* c1Tests-Info.plist */,
				1A17053718D8A8590032DE0F /* InfoPlist.strings */,
			);
			name = "Supporting Files";
			sourceTree = "<group>";
		};
/* End PBXGroup section */

/* Begin PBXNativeTarget section */
		1A17050118D8A8590032DE0F /* c1 */ = {
			isa = PBXNativeTarget;
			buildConfigurationList = 1A17053E18D8A8590032DE0F /* Build configuration list for PBXNativeTarget "c1" */;
			buildPhases = (
				1A1704FE18D8A8590032DE0F /* Sources */,
				1A1704FF18D8A8590032DE0F /* Frameworks */,
				1A17050018D8A8590032DE0F /* Resources */,
			);
			buildRules = (
			);
			dependencies = (
			);
			name = c1;
			productName = c1;
			productReference = 1A17050218D8A8590032DE0F /* c1.app */;
			productType = "com.apple.product-type.application";
		};
		1A17052C18D8A8590032DE0F /* c1Tests */ = {
			isa = PBXNativeTarget;
			buildConfigurationList = 1A17054118D8A8590032DE0F /* Build configuration list for PBXNativeTarget "c1Tests" */;
			buildPhases = (
				1A17052918D8A8590032DE0F /* Sources */,
				1A17052A18D8A8590032DE0F /* Frameworks */,
				1A17052B18D8A8590032DE0F /* Resources */,
			);
			buildRules = (
			);
			dependencies = (
				1A17053318D8A8590032DE0F /* PBXTargetDependency */,
			);
			name = c1Tests;
			productName = c1Tests;
			productReference = 1A17052D18D8A8590032DE0F /* c1Tests.xctest */;
			productType = "com.apple.product-type.bundle.unit-test";
		};
/* End PBXNativeTarget section */

/* Begin PBXProject section */
		1A1704FA18D8A8590032DE0F /* Project object */ = {
			isa = PBXProject;
			attributes = {
				LastUpgradeCheck = 0500;
				ORGANIZATIONNAME = wzhang78;
				TargetAttributes = {
					1A17052C18D8A8590032DE0F = {
						TestTargetID = 1A17050118D8A8590032DE0F;
					};
				};
			};
			buildConfigurationList = 1A1704FD18D8A8590032DE0F /* Build configuration list for PBXProject "c1" */;
			compatibilityVersion = "Xcode 3.2";
			developmentRegion = English;
			hasScannedForEncodings = 0;
			knownRegions = (
				en,
				Base,
			);
			mainGroup = 1A1704F918D8A8590032DE0F;
			productRefGroup = 1A17050318D8A8590032DE0F /* Products */;
			projectDirPath = "";
			projectRoot = "";
			targets = (
				1A17050118D8A8590032DE0F /* c1 */,
				1A17052C18D8A8590032DE0F /* c1Tests */,
			);
		};
/* End PBXProject section */

/* Begin PBXResourcesBuildPhase section */
		1A17050018D8A8590032DE0F /* Resources */ = {
			isa = PBXResourcesBuildPhase;
			buildActionMask = 2147483647;
			files = (
				1A17052618D8A8590032DE0F /* Spaceship.png in Resources */,
				1A17052818D8A8590032DE0F /* Images.xcassets in Resources */,
				1A17051E18D8A8590032DE0F /* Main_iPad.storyboard in Resources */,
				1A17051B18D8A8590032DE0F /* Main_iPhone.storyboard in Resources */,
				1A17051218D8A8590032DE0F /* InfoPlist.strings in Resources */,
			);
			runOnlyForDeploymentPostprocessing = 0;
		};
		1A17052B18D8A8590032DE0F /* Resources */ = {
			isa = PBXResourcesBuildPhase;
			buildActionMask = 2147483647;
			files = (
				1A17053918D8A8590032DE0F /* InfoPlist.strings in Resources */,
			);
			runOnlyForDeploymentPostprocessing = 0;
		};
/* End PBXResourcesBuildPhase section */

/* Begin PBXSourcesBuildPhase section */
		1A1704FE18D8A8590032DE0F /* Sources */ = {
			isa = PBXSourcesBuildPhase;
			buildActionMask = 2147483647;
			files = (
				1A17052418D8A8590032DE0F /* MyScene.m in Sources */,
				1A17052118D8A8590032DE0F /* ViewController.m in Sources */,
				1A17051818D8A8590032DE0F /* AppDelegate.m in Sources */,
				1A17051418D8A8590032DE0F /* main.m in Sources */,
			);
			runOnlyForDeploymentPostprocessing = 0;
		};
		1A17052918D8A8590032DE0F /* Sources */ = {
			isa = PBXSourcesBuildPhase;
			buildActionMask = 2147483647;
			files = (
				1A17053B18D8A8590032DE0F /* c1Tests.m in Sources */,
			);
			runOnlyForDeploymentPostprocessing = 0;
		};
/* End PBXSourcesBuildPhase section */

/* Begin PBXTargetDependency section */
		1A17053318D8A8590032DE0F /* PBXTargetDependency */ = {
			isa = PBXTargetDependency;
			target = 1A17050118D8A8590032DE0F /* c1 */;
			targetProxy = 1A17053218D8A8590032DE0F /* PBXContainerItemProxy */;
		};
/* End PBXTargetDependency section */

/* Begin PBXVariantGroup section */
		1A17051018D8A8590032DE0F /* InfoPlist.strings */ = {
			isa = PBXVariantGroup;
			children = (
				1A17051118D8A8590032DE0F /* en */,
			);
			name = InfoPlist.strings;
			sourceTree = "<group>";
		};
		1A17051918D8A8590032DE0F /* Main_iPhone.storyboard */ = {
			isa = PBXVariantGroup;
			children = (
				1A17051A18D8A8590032DE0F /* Base */,
			);
			name = Main_iPhone.storyboard;
			sourceTree = "<group>";
		};
		1A17051C18D8A8590032DE0F /* Main_iPad.storyboard */ = {
			isa = PBXVariantGroup;
			children = (
				1A17051D18D8A8590032DE0F /* Base */,
			);
			name = Main_iPad.storyboard;
			sourceTree = "<group>";
		};
		1A17053718D8A8590032DE0F /* InfoPlist.strings */ = {
			isa = PBXVariantGroup;
			children = (
				1A17053818D8A8590032DE0F /* en */,
			);
			name = InfoPlist.strings;
			sourceTree = "<group>";
		};
/* End PBXVariantGroup section */

/* Begin XCBuildConfiguration section */
		1A17053C18D8A8590032DE0F /* Debug */ = {
			isa = XCBuildConfiguration;
			buildSettings = {
				ALWAYS_SEARCH_USER_PATHS = NO;
				ARCHS = "$(ARCHS_STANDARD_INCLUDING_64_BIT)";
				CLANG_CXX_LANGUAGE_STANDARD = "gnu++0x";
				CLANG_CXX_LIBRARY = "libc++";
				CLANG_ENABLE_MODULES = YES;
				CLANG_ENABLE_OBJC_ARC = YES;
				CLANG_WARN_BOOL_CONVERSION = YES;
				CLANG_WARN_CONSTANT_CONVERSION = YES;
				CLANG_WARN_DIRECT_OBJC_ISA_USAGE = YES_ERROR;
				CLANG_WARN_EMPTY_BODY = YES;
				CLANG_WARN_ENUM_CONVERSION = YES;
				CLANG_WARN_INT_CONVERSION = YES;
				CLANG_WARN_OBJC_ROOT_CLASS = YES_ERROR;
				CLANG_WARN__DUPLICATE_METHOD_MATCH = YES;
				"CODE_SIGN_IDENTITY[sdk=iphoneos*]" = "iPhone Developer";
				COPY_PHASE_STRIP = NO;
				GCC_C_LANGUAGE_STANDARD = gnu99;
				GCC_DYNAMIC_NO_PIC = NO;
				GCC_OPTIMIZATION_LEVEL = 0;
				GCC_PREPROCESSOR_DEFINITIONS = (
					"DEBUG=1",
					"$(inherited)",
				);
				GCC_SYMBOLS_PRIVATE_EXTERN = NO;
				GCC_WARN_64_TO_32_BIT_CONVERSION = YES;
				GCC_WARN_ABOUT_RETURN_TYPE = YES_ERROR;
				GCC_WARN_UNDECLARED_SELECTOR = YES;
				GCC_WARN_UNINITIALIZED_AUTOS = YES;
				GCC_WARN_UNUSED_FUNCTION = YES;
				GCC_WARN_UNUSED_VARIABLE = YES;
				IPHONEOS_DEPLOYMENT_TARGET = 7.0;
				ONLY_ACTIVE_ARCH = YES;
				SDKROOT = iphoneos;
				TARGETED_DEVICE_FAMILY = "1,2";
			};
			name = Debug;
		};
		1A17053D18D8A8590032DE0F /* Release */ = {
			isa = XCBuildConfiguration;
			buildSettings = {
				ALWAYS_SEARCH_USER_PATHS = NO;
				ARCHS = "$(ARCHS_STANDARD_INCLUDING_64_BIT)";
				CLANG_CXX_LANGUAGE_STANDARD = "gnu++0x";
				CLANG_CXX_LIBRARY = "libc++";
				CLANG_ENABLE_MODULES = YES;
				CLANG_ENABLE_OBJC_ARC = YES;
				CLANG_WARN_BOOL_CONVERSION = YES;
				CLANG_WARN_CONSTANT_CONVERSION = YES;
				CLANG_WARN_DIRECT_OBJC_ISA_USAGE = YES_ERROR;
				CLANG_WARN_EMPTY_BODY = YES;
				CLANG_WARN_ENUM_CONVERSION = YES;
				CLANG_WARN_INT_CONVERSION = YES;
				CLANG_WARN_OBJC_ROOT_CLASS = YES_ERROR;
				CLANG_WARN__DUPLICATE_METHOD_MATCH = YES;
				"CODE_SIGN_IDENTITY[sdk=iphoneos*]" = "iPhone Developer";
				COPY_PHASE_STRIP = YES;
				ENABLE_NS_ASSERTIONS = NO;
				GCC_C_LANGUAGE_STANDARD = gnu99;
				GCC_WARN_64_TO_32_BIT_CONVERSION = YES;
				GCC_WARN_ABOUT_RETURN_TYPE = YES_ERROR;
				GCC_WARN_UNDECLARED_SELECTOR = YES;
				GCC_WARN_UNINITIALIZED_AUTOS = YES;
				GCC_WARN_UNUSED_FUNCTION = YES;
				GCC_WARN_UNUSED_VARIABLE = YES;
				IPHONEOS_DEPLOYMENT_TARGET = 7.0;
				SDKROOT = iphoneos;
				TARGETED_DEVICE_FAMILY = "1,2";
				VALIDATE_PRODUCT = YES;
			};
			name = Release;
		};
		1A17053F18D8A8590032DE0F /* Debug */ = {
			isa = XCBuildConfiguration;
			buildSettings = {
				ASSETCATALOG_COMPILER_APPICON_NAME = AppIcon;
				ASSETCATALOG_COMPILER_LAUNCHIMAGE_NAME = LaunchImage;
				GCC_PRECOMPILE_PREFIX_HEADER = YES;
				GCC_PREFIX_HEADER = "c1/c1-Prefix.pch";
				INFOPLIST_FILE = "c1/c1-Info.plist";
				PRODUCT_NAME = "$(TARGET_NAME)";
				SPRITEKIT_TEXTURE_ATLAS_OUTPUT = YES;
				WRAPPER_EXTENSION = app;
			};
			name = Debug;
		};
		1A17054018D8A8590032DE0F /* Release */ = {
			isa = XCBuildConfiguration;
			buildSettings = {
				ASSETCATALOG_COMPILER_APPICON_NAME = AppIcon;
				ASSETCATALOG_COMPILER_LAUNCHIMAGE_NAME = LaunchImage;
				GCC_PRECOMPILE_PREFIX_HEADER = YES;
				GCC_PREFIX_HEADER = "c1/c1-Prefix.pch";
				INFOPLIST_FILE = "c1/c1-Info.plist";
				PRODUCT_NAME = "$(TARGET_NAME)";
				SPRITEKIT_TEXTURE_ATLAS_OUTPUT = YES;
				WRAPPER_EXTENSION = app;
			};
			name = Release;
		};
		1A17054218D8A8590032DE0F /* Debug */ = {
			isa = XCBuildConfiguration;
			buildSettings = {
				ARCHS = "$(ARCHS_STANDARD_INCLUDING_64_BIT)";
				BUNDLE_LOADER = "$(BUILT_PRODUCTS_DIR)/c1.app/c1";
				FRAMEWORK_SEARCH_PATHS = (
					"$(SDKROOT)/Developer/Library/Frameworks",
					"$(inherited)",
					"$(DEVELOPER_FRAMEWORKS_DIR)",
				);
				GCC_PRECOMPILE_PREFIX_HEADER = YES;
				GCC_PREFIX_HEADER = "c1/c1-Prefix.pch";
				GCC_PREPROCESSOR_DEFINITIONS = (
					"DEBUG=1",
					"$(inherited)",
				);
				INFOPLIST_FILE = "c1Tests/c1Tests-Info.plist";
				PRODUCT_NAME = "$(TARGET_NAME)";
				TEST_HOST = "$(BUNDLE_LOADER)";
				WRAPPER_EXTENSION = xctest;
			};
			name = Debug;
		};
		1A17054318D8A8590032DE0F /* Release */ = {
			isa = XCBuildConfiguration;
			buildSettings = {
				ARCHS = "$(ARCHS_STANDARD_INCLUDING_64_BIT)";
				BUNDLE_LOADER = "$(BUILT_PRODUCTS_DIR)/c1.app/c1";
				FRAMEWORK_SEARCH_PATHS = (
					"$(SDKROOT)/Developer/Library/Frameworks",
					"$(inherited)",
					"$(DEVELOPER_FRAMEWORKS_DIR)",
				);
				GCC_PRECOMPILE_PREFIX_HEADER = YES;
				GCC_PREFIX_HEADER = "c1/c1-Prefix.pch";
				INFOPLIST_FILE = "c1Tests/c1Tests-Info.plist";
				PRODUCT_NAME = "$(TARGET_NAME)";
				TEST_HOST = "$(BUNDLE_LOADER)";
				WRAPPER_EXTENSION = xctest;
			};
			name = Release;
		};
/* End XCBuildConfiguration section */

/* Begin XCConfigurationList section */
		1A1704FD18D8A8590032DE0F /* Build configuration list for PBXProject "c1" */ = {
			isa = XCConfigurationList;
			buildConfigurations = (
				1A17053C18D8A8590032DE0F /* Debug */,
				1A17053D18D8A8590032DE0F /* Release */,
			);
			defaultConfigurationIsVisible = 0;
			defaultConfigurationName = Release;
		};
		1A17053E18D8A8590032DE0F /* Build configuration list for PBXNativeTarget "c1" */ = {
			isa = XCConfigurationList;
			buildConfigurations = (
				1A17053F18D8A8590032DE0F /* Debug */,
				1A17054018D8A8590032DE0F /* Release */,
			);
			defaultConfigurationIsVisible = 0;
		};
		1A17054118D8A8590032DE0F /* Build configuration list for PBXNativeTarget "c1Tests" */ = {
			isa = XCConfigurationList;
			buildConfigurations = (
				1A17054218D8A8590032DE0F /* Debug */,
				1A17054318D8A8590032DE0F /* Release */,
			);
			defaultConfigurationIsVisible = 0;
		};
/* End XCConfigurationList section */
	};
	rootObject = 1A1704FA18D8A8590032DE0F /* Project object */;
}
